
Microsoft Visual Studio Solution File, Format Version 12.00
# Visual Studio Version 16
VisualStudioVersion = 16.0.31624.102
MinimumVisualStudioVersion = 10.0.40219.1
Project("{D954291E-2A0B-460D-934E-DC6B0785DB48}") = "ListDetailsViewAPP.Shared", "ListDetailsViewAPP\ListDetailsViewAPP.Shared\ListDetailsViewAPP.Shared.shproj", "{6279C845-92F8-4333-AB99-3D213163593C}"
EndProject
Project("{2150E333-8FDC-42A3-9474-1A3956D46DE8}") = "Platforms", "Platforms", "{0CAD5793-46C2-4A56-BEE0-C07F44D21D4C}"
EndProject
Project("{FAE04EC0-301F-11D3-BF4B-00C04F79EFBC}") = "ListDetailsViewAPP.Droid", "ListDetailsViewAPP\ListDetailsViewAPP.Droid\ListDetailsViewAPP.Droid.csproj", "{5CEC85EE-4338-45D6-9C5F-D7507A99E9D1}"
EndProject
Project("{FAE04EC0-301F-11D3-BF4B-00C04F79EFBC}") = "ListDetailsViewAPP.iOS", "ListDetailsViewAPP\ListDetailsViewAPP.iOS\ListDetailsViewAPP.iOS.csproj", "{5B6C304F-414E-4382-B91A-7E6B7DC58372}"
EndProject
Project("{FAE04EC0-301F-11D3-BF4B-00C04F79EFBC}") = "ListDetailsViewAPP.UWP", "ListDetailsViewAPP\ListDetailsViewAPP.UWP\ListDetailsViewAPP.UWP.csproj", "{5C1D506A-6FFA-4975-8FD4-CA1CC87E21AD}"
EndProject
Project("{9A19103F-16F7-4668-BE54-9A1E7A4F7556}") = "ListDetailsViewAPP.Wasm", "ListDetailsViewAPP\ListDetailsViewAPP.Wasm\ListDetailsViewAPP.Wasm.csproj", "{ED4E554D-C3C2-49B1-9F8B-9049644AEF40}"
EndProject
Global
	GlobalSection(SharedMSBuildProjectFiles) = preSolution
		ListDetailsViewAPP\ListDetailsViewAPP.Shared\ListDetailsViewAPP.Shared.projitems*{5b6c304f-414e-4382-b91a-7e6b7dc58372}*SharedItemsImports = 4
		ListDetailsViewAPP\ListDetailsViewAPP.Shared\ListDetailsViewAPP.Shared.projitems*{5c1d506a-6ffa-4975-8fd4-ca1cc87e21ad}*SharedItemsImports = 4
		ListDetailsViewAPP\ListDetailsViewAPP.Shared\ListDetailsViewAPP.Shared.projitems*{5cec85ee-4338-45d6-9c5f-d7507a99e9d1}*SharedItemsImports = 4
		ListDetailsViewAPP\ListDetailsViewAPP.Shared\ListDetailsViewAPP.Shared.projitems*{6279c845-92f8-4333-ab99-3d213163593c}*SharedItemsImports = 13
		ListDetailsViewAPP\ListDetailsViewAPP.Shared\ListDetailsViewAPP.Shared.projitems*{ed4e554d-c3c2-49b1-9f8b-9049644aef40}*SharedItemsImports = 5
	EndGlobalSection
	GlobalSection(SolutionConfigurationPlatforms) = preSolution
		Ad-Hoc|Any CPU = Ad-Hoc|Any CPU
		Ad-Hoc|ARM = Ad-Hoc|ARM
		Ad-Hoc|ARM64 = Ad-Hoc|ARM64
		Ad-Hoc|iPhone = Ad-Hoc|iPhone
		Ad-Hoc|iPhoneSimulator = Ad-Hoc|iPhoneSimulator
		Ad-Hoc|x64 = Ad-Hoc|x64
		Ad-Hoc|x86 = Ad-Hoc|x86
		AppStore|Any CPU = AppStore|Any CPU
		AppStore|ARM = AppStore|ARM
		AppStore|ARM64 = AppStore|ARM64
		AppStore|iPhone = AppStore|iPhone
		AppStore|iPhoneSimulator = AppStore|iPhoneSimulator
		AppStore|x64 = AppStore|x64
		AppStore|x86 = AppStore|x86
		Debug|Any CPU = Debug|Any CPU
		Debug|ARM = Debug|ARM
		Debug|ARM64 = Debug|ARM64
		Debug|iPhone = Debug|iPhone
		Debug|iPhoneSimulator = Debug|iPhoneSimulator
		Debug|x64 = Debug|x64
		Debug|x86 = Debug|x86
		Release|Any CPU = Release|Any CPU
		Release|ARM = Release|ARM
		Release|ARM64 = Release|ARM64
		Release|iPhone = Release|iPhone
		Release|iPhoneSimulator = Release|iPhoneSimulator
		Release|x64 = Release|x64
		Release|x86 = Release|x86
	EndGlobalSection
	GlobalSection(ProjectConfigurationPlatforms) = postSolution
		{5CEC85EE-4338-45D6-9C5F-D7507A99E9D1}.Ad-Hoc|Any CPU.ActiveCfg = Debug|Any CPU
		{5CEC85EE-4338-45D6-9C5F-D7507A99E9D1}.Ad-Hoc|Any CPU.Build.0 = Debug|Any CPU
		{5CEC85EE-4338-45D6-9C5F-D7507A99E9D1}.Ad-Hoc|Any CPU.Deploy.0 = Debug|Any CPU
		{5CEC85EE-4338-45D6-9C5F-D7507A99E9D1}.Ad-Hoc|ARM.ActiveCfg = Debug|Any CPU
		{5CEC85EE-4338-45D6-9C5F-D7507A99E9D1}.Ad-Hoc|ARM.Build.0 = Debug|Any CPU
		{5CEC85EE-4338-45D6-9C5F-D7507A99E9D1}.Ad-Hoc|ARM.Deploy.0 = Debug|Any CPU
		{5CEC85EE-4338-45D6-9C5F-D7507A99E9D1}.Ad-Hoc|ARM64.ActiveCfg = Debug|Any CPU
		{5CEC85EE-4338-45D6-9C5F-D7507A99E9D1}.Ad-Hoc|ARM64.Build.0 = Debug|Any CPU
		{5CEC85EE-4338-45D6-9C5F-D7507A99E9D1}.Ad-Hoc|ARM64.Deploy.0 = Debug|Any CPU
		{5CEC85EE-4338-45D6-9C5F-D7507A99E9D1}.Ad-Hoc|iPhone.ActiveCfg = Debug|Any CPU
		{5CEC85EE-4338-45D6-9C5F-D7507A99E9D1}.Ad-Hoc|iPhone.Build.0 = Debug|Any CPU
		{5CEC85EE-4338-45D6-9C5F-D7507A99E9D1}.Ad-Hoc|iPhone.Deploy.0 = Debug|Any CPU
		{5CEC85EE-4338-45D6-9C5F-D7507A99E9D1}.Ad-Hoc|iPhoneSimulator.ActiveCfg = Debug|Any CPU
		{5CEC85EE-4338-45D6-9C5F-D7507A99E9D1}.Ad-Hoc|iPhoneSimulator.Build.0 = Debug|Any CPU
		{5CEC85EE-4338-45D6-9C5F-D7507A99E9D1}.Ad-Hoc|iPhoneSimulator.Deploy.0 = Debug|Any CPU
		{5CEC85EE-4338-45D6-9C5F-D7507A99E9D1}.Ad-Hoc|x64.ActiveCfg = Debug|Any CPU
		{5CEC85EE-4338-45D6-9C5F-D7507A99E9D1}.Ad-Hoc|x64.Build.0 = Debug|Any CPU
		{5CEC85EE-4338-45D6-9C5F-D7507A99E9D1}.Ad-Hoc|x64.Deploy.0 = Debug|Any CPU
		{5CEC85EE-4338-45D6-9C5F-D7507A99E9D1}.Ad-Hoc|x86.ActiveCfg = Debug|Any CPU
		{5CEC85EE-4338-45D6-9C5F-D7507A99E9D1}.Ad-Hoc|x86.Build.0 = Debug|Any CPU
		{5CEC85EE-4338-45D6-9C5F-D7507A99E9D1}.Ad-Hoc|x86.Deploy.0 = Debug|Any CPU
		{5CEC85EE-4338-45D6-9C5F-D7507A99E9D1}.AppStore|Any CPU.ActiveCfg = Debug|Any CPU
		{5CEC85EE-4338-45D6-9C5F-D7507A99E9D1}.AppStore|Any CPU.Build.0 = Debug|Any CPU
		{5CEC85EE-4338-45D6-9C5F-D7507A99E9D1}.AppStore|Any CPU.Deploy.0 = Debug|Any CPU
		{5CEC85EE-4338-45D6-9C5F-D7507A99E9D1}.AppStore|ARM.ActiveCfg = Debug|Any CPU
		{5CEC85EE-4338-45D6-9C5F-D7507A99E9D1}.AppStore|ARM.Build.0 = Debug|Any CPU
		{5CEC85EE-4338-45D6-9C5F-D7507A99E9D1}.AppStore|ARM.Deploy.0 = Debug|Any CPU
		{5CEC85EE-4338-45D6-9C5F-D7507A99E9D1}.AppStore|ARM64.ActiveCfg = Debug|Any CPU
		{5CEC85EE-4338-45D6-9C5F-D7507A99E9D1}.AppStore|ARM64.Build.0 = Debug|Any CPU
		{5CEC85EE-4338-45D6-9C5F-D7507A99E9D1}.AppStore|ARM64.Deploy.0 = Debug|Any CPU
		{5CEC85EE-4338-45D6-9C5F-D7507A99E9D1}.AppStore|iPhone.ActiveCfg = Debug|Any CPU
		{5CEC85EE-4338-45D6-9C5F-D7507A99E9D1}.AppStore|iPhone.Build.0 = Debug|Any CPU
		{5CEC85EE-4338-45D6-9C5F-D7507A99E9D1}.AppStore|iPhone.Deploy.0 = Debug|Any CPU
		{5CEC85EE-4338-45D6-9C5F-D7507A99E9D1}.AppStore|iPhoneSimulator.ActiveCfg = Debug|Any CPU
		{5CEC85EE-4338-45D6-9C5F-D7507A99E9D1}.AppStore|iPhoneSimulator.Build.0 = Debug|Any CPU
		{5CEC85EE-4338-45D6-9C5F-D7507A99E9D1}.AppStore|iPhoneSimulator.Deploy.0 = Debug|Any CPU
		{5CEC85EE-4338-45D6-9C5F-D7507A99E9D1}.AppStore|x64.ActiveCfg = Debug|Any CPU
		{5CEC85EE-4338-45D6-9C5F-D7507A99E9D1}.AppStore|x64.Build.0 = Debug|Any CPU
		{5CEC85EE-4338-45D6-9C5F-D7507A99E9D1}.AppStore|x64.Deploy.0 = Debug|Any CPU
		{5CEC85EE-4338-45D6-9C5F-D7507A99E9D1}.AppStore|x86.ActiveCfg = Debug|Any CPU
		{5CEC85EE-4338-45D6-9C5F-D7507A99E9D1}.AppStore|x86.Build.0 = Debug|Any CPU
		{5CEC85EE-4338-45D6-9C5F-D7507A99E9D1}.AppStore|x86.Deploy.0 = Debug|Any CPU
		{5CEC85EE-4338-45D6-9C5F-D7507A99E9D1}.Debug|Any CPU.ActiveCfg = Debug|Any CPU
		{5CEC85EE-4338-45D6-9C5F-D7507A99E9D1}.Debug|Any CPU.Build.0 = Debug|Any CPU
		{5CEC85EE-4338-45D6-9C5F-D7507A99E9D1}.Debug|Any CPU.Deploy.0 = Debug|Any CPU
		{5CEC85EE-4338-45D6-9C5F-D7507A99E9D1}.Debug|ARM.ActiveCfg = Debug|Any CPU
		{5CEC85EE-4338-45D6-9C5F-D7507A99E9D1}.Debug|ARM.Build.0 = Debug|Any CPU
		{5CEC85EE-4338-45D6-9C5F-D7507A99E9D1}.Debug|ARM.Deploy.0 = Debug|Any CPU
		{5CEC85EE-4338-45D6-9C5F-D7507A99E9D1}.Debug|ARM64.ActiveCfg = Debug|Any CPU
		{5CEC85EE-4338-45D6-9C5F-D7507A99E9D1}.Debug|ARM64.Build.0 = Debug|Any CPU
		{5CEC85EE-4338-45D6-9C5F-D7507A99E9D1}.Debug|ARM64.Deploy.0 = Debug|Any CPU
		{5CEC85EE-4338-45D6-9C5F-D7507A99E9D1}.Debug|iPhone.ActiveCfg = Debug|Any CPU
		{5CEC85EE-4338-45D6-9C5F-D7507A99E9D1}.Debug|iPhone.Build.0 = Debug|Any CPU
		{5CEC85EE-4338-45D6-9C5F-D7507A99E9D1}.Debug|iPhone.Deploy.0 = Debug|Any CPU
		{5CEC85EE-4338-45D6-9C5F-D7507A99E9D1}.Debug|iPhoneSimulator.ActiveCfg = Debug|Any CPU
		{5CEC85EE-4338-45D6-9C5F-D7507A99E9D1}.Debug|iPhoneSimulator.Build.0 = Debug|Any CPU
		{5CEC85EE-4338-45D6-9C5F-D7507A99E9D1}.Debug|iPhoneSimulator.Deploy.0 = Debug|Any CPU
		{5CEC85EE-4338-45D6-9C5F-D7507A99E9D1}.Debug|x64.ActiveCfg = Debug|Any CPU
		{5CEC85EE-4338-45D6-9C5F-D7507A99E9D1}.Debug|x64.Build.0 = Debug|Any CPU
		{5CEC85EE-4338-45D6-9C5F-D7507A99E9D1}.Debug|x64.Deploy.0 = Debug|Any CPU
		{5CEC85EE-4338-45D6-9C5F-D7507A99E9D1}.Debug|x86.ActiveCfg = Debug|Any CPU
		{5CEC85EE-4338-45D6-9C5F-D7507A99E9D1}.Debug|x86.Build.0 = Debug|Any CPU
		{5CEC85EE-4338-45D6-9C5F-D7507A99E9D1}.Debug|x86.Deploy.0 = Debug|Any CPU
		{5CEC85EE-4338-45D6-9C5F-D7507A99E9D1}.Release|Any CPU.ActiveCfg = Release|Any CPU
		{5CEC85EE-4338-45D6-9C5F-D7507A99E9D1}.Release|Any CPU.Build.0 = Release|Any CPU
		{5CEC85EE-4338-45D6-9C5F-D7507A99E9D1}.Release|Any CPU.Deploy.0 = Release|Any CPU
		{5CEC85EE-4338-45D6-9C5F-D7507A99E9D1}.Release|ARM.ActiveCfg = Release|Any CPU
		{5CEC85EE-4338-45D6-9C5F-D7507A99E9D1}.Release|ARM.Build.0 = Release|Any CPU
		{5CEC85EE-4338-45D6-9C5F-D7507A99E9D1}.Release|ARM.Deploy.0 = Release|Any CPU
		{5CEC85EE-4338-45D6-9C5F-D7507A99E9D1}.Release|ARM64.ActiveCfg = Release|Any CPU
		{5CEC85EE-4338-45D6-9C5F-D7507A99E9D1}.Release|ARM64.Build.0 = Release|Any CPU
		{5CEC85EE-4338-45D6-9C5F-D7507A99E9D1}.Release|ARM64.Deploy.0 = Release|Any CPU
		{5CEC85EE-4338-45D6-9C5F-D7507A99E9D1}.Release|iPhone.ActiveCfg = Release|Any CPU
		{5CEC85EE-4338-45D6-9C5F-D7507A99E9D1}.Release|iPhone.Build.0 = Release|Any CPU
		{5CEC85EE-4338-45D6-9C5F-D7507A99E9D1}.Release|iPhone.Deploy.0 = Release|Any CPU
		{5CEC85EE-4338-45D6-9C5F-D7507A99E9D1}.Release|iPhoneSimulator.ActiveCfg = Release|Any CPU
		{5CEC85EE-4338-45D6-9C5F-D7507A99E9D1}.Release|iPhoneSimulator.Build.0 = Release|Any CPU
		{5CEC85EE-4338-45D6-9C5F-D7507A99E9D1}.Release|iPhoneSimulator.Deploy.0 = Release|Any CPU
		{5CEC85EE-4338-45D6-9C5F-D7507A99E9D1}.Release|x64.ActiveCfg = Release|Any CPU
		{5CEC85EE-4338-45D6-9C5F-D7507A99E9D1}.Release|x64.Build.0 = Release|Any CPU
		{5CEC85EE-4338-45D6-9C5F-D7507A99E9D1}.Release|x64.Deploy.0 = Release|Any CPU
		{5CEC85EE-4338-45D6-9C5F-D7507A99E9D1}.Release|x86.ActiveCfg = Release|Any CPU
		{5CEC85EE-4338-45D6-9C5F-D7507A99E9D1}.Release|x86.Build.0 = Release|Any CPU
		{5CEC85EE-4338-45D6-9C5F-D7507A99E9D1}.Release|x86.Deploy.0 = Release|Any CPU
		{5B6C304F-414E-4382-B91A-7E6B7DC58372}.Ad-Hoc|Any CPU.ActiveCfg = Ad-Hoc|iPhoneSimulator
		{5B6C304F-414E-4382-B91A-7E6B7DC58372}.Ad-Hoc|ARM.ActiveCfg = Ad-Hoc|iPhoneSimulator
		{5B6C304F-414E-4382-B91A-7E6B7DC58372}.Ad-Hoc|ARM64.ActiveCfg = Ad-Hoc|iPhoneSimulator
		{5B6C304F-414E-4382-B91A-7E6B7DC58372}.Ad-Hoc|iPhone.ActiveCfg = Ad-Hoc|iPhone
		{5B6C304F-414E-4382-B91A-7E6B7DC58372}.Ad-Hoc|iPhone.Build.0 = Ad-Hoc|iPhone
		{5B6C304F-414E-4382-B91A-7E6B7DC58372}.Ad-Hoc|iPhoneSimulator.ActiveCfg = Ad-Hoc|iPhoneSimulator
		{5B6C304F-414E-4382-B91A-7E6B7DC58372}.Ad-Hoc|iPhoneSimulator.Build.0 = Ad-Hoc|iPhoneSimulator
		{5B6C304F-414E-4382-B91A-7E6B7DC58372}.Ad-Hoc|x64.ActiveCfg = Ad-Hoc|iPhoneSimulator
		{5B6C304F-414E-4382-B91A-7E6B7DC58372}.Ad-Hoc|x86.ActiveCfg = Ad-Hoc|iPhoneSimulator
		{5B6C304F-414E-4382-B91A-7E6B7DC58372}.AppStore|Any CPU.ActiveCfg = AppStore|iPhoneSimulator
		{5B6C304F-414E-4382-B91A-7E6B7DC58372}.AppStore|ARM.ActiveCfg = AppStore|iPhoneSimulator
		{5B6C304F-414E-4382-B91A-7E6B7DC58372}.AppStore|ARM64.ActiveCfg = AppStore|iPhoneSimulator
		{5B6C304F-414E-4382-B91A-7E6B7DC58372}.AppStore|iPhone.ActiveCfg = AppStore|iPhone
		{5B6C304F-414E-4382-B91A-7E6B7DC58372}.AppStore|iPhone.Build.0 = AppStore|iPhone
		{5B6C304F-414E-4382-B91A-7E6B7DC58372}.AppStore|iPhoneSimulator.ActiveCfg = AppStore|iPhoneSimulator
		{5B6C304F-414E-4382-B91A-7E6B7DC58372}.AppStore|iPhoneSimulator.Build.0 = AppStore|iPhoneSimulator
		{5B6C304F-414E-4382-B91A-7E6B7DC58372}.AppStore|x64.ActiveCfg = AppStore|iPhoneSimulator
		{5B6C304F-414E-4382-B91A-7E6B7DC58372}.AppStore|x86.ActiveCfg = AppStore|iPhoneSimulator
		{5B6C304F-414E-4382-B91A-7E6B7DC58372}.Debug|Any CPU.ActiveCfg = Debug|iPhoneSimulator
		{5B6C304F-414E-4382-B91A-7E6B7DC58372}.Debug|ARM.ActiveCfg = Debug|iPhoneSimulator
		{5B6C304F-414E-4382-B91A-7E6B7DC58372}.Debug|ARM64.ActiveCfg = Debug|iPhoneSimulator
		{5B6C304F-414E-4382-B91A-7E6B7DC58372}.Debug|iPhone.ActiveCfg = Debug|iPhone
		{5B6C304F-414E-4382-B91A-7E6B7DC58372}.Debug|iPhone.Build.0 = Debug|iPhone
		{5B6C304F-414E-4382-B91A-7E6B7DC58372}.Debug|iPhoneSimulator.ActiveCfg = Debug|iPhoneSimulator
		{5B6C304F-414E-4382-B91A-7E6B7DC58372}.Debug|iPhoneSimulator.Build.0 = Debug|iPhoneSimulator
		{5B6C304F-414E-4382-B91A-7E6B7DC58372}.Debug|x64.ActiveCfg = Debug|iPhoneSimulator
		{5B6C304F-414E-4382-B91A-7E6B7DC58372}.Debug|x86.ActiveCfg = Debug|iPhoneSimulator
		{5B6C304F-414E-4382-B91A-7E6B7DC58372}.Release|Any CPU.ActiveCfg = Release|iPhoneSimulator
		{5B6C304F-414E-4382-B91A-7E6B7DC58372}.Release|ARM.ActiveCfg = Release|iPhoneSimulator
		{5B6C304F-414E-4382-B91A-7E6B7DC58372}.Release|ARM64.ActiveCfg = Release|iPhoneSimulator
		{5B6C304F-414E-4382-B91A-7E6B7DC58372}.Release|iPhone.ActiveCfg = Release|iPhone
		{5B6C304F-414E-4382-B91A-7E6B7DC58372}.Release|iPhone.Build.0 = Release|iPhone
		{5B6C304F-414E-4382-B91A-7E6B7DC58372}.Release|iPhoneSimulator.ActiveCfg = Release|iPhoneSimulator
		{5B6C304F-414E-4382-B91A-7E6B7DC58372}.Release|iPhoneSimulator.Build.0 = Release|iPhoneSimulator
		{5B6C304F-414E-4382-B91A-7E6B7DC58372}.Release|x64.ActiveCfg = Release|iPhoneSimulator
		{5B6C304F-414E-4382-B91A-7E6B7DC58372}.Release|x86.ActiveCfg = Release|iPhoneSimulator
		{5C1D506A-6FFA-4975-8FD4-CA1CC87E21AD}.Ad-Hoc|Any CPU.ActiveCfg = Debug|x86
		{5C1D506A-6FFA-4975-8FD4-CA1CC87E21AD}.Ad-Hoc|Any CPU.Build.0 = Debug|x86
		{5C1D506A-6FFA-4975-8FD4-CA1CC87E21AD}.Ad-Hoc|Any CPU.Deploy.0 = Debug|x86
		{5C1D506A-6FFA-4975-8FD4-CA1CC87E21AD}.Ad-Hoc|ARM.ActiveCfg = Debug|ARM
		{5C1D506A-6FFA-4975-8FD4-CA1CC87E21AD}.Ad-Hoc|ARM.Build.0 = Debug|ARM
		{5C1D506A-6FFA-4975-8FD4-CA1CC87E21AD}.Ad-Hoc|ARM.Deploy.0 = Debug|ARM
		{5C1D506A-6FFA-4975-8FD4-CA1CC87E21AD}.Ad-Hoc|ARM64.ActiveCfg = Debug|ARM64
		{5C1D506A-6FFA-4975-8FD4-CA1CC87E21AD}.Ad-Hoc|ARM64.Build.0 = Debug|ARM64
		{5C1D506A-6FFA-4975-8FD4-CA1CC87E21AD}.Ad-Hoc|ARM64.Deploy.0 = Debug|ARM64
		{5C1D506A-6FFA-4975-8FD4-CA1CC87E21AD}.Ad-Hoc|iPhone.ActiveCfg = Debug|x86
		{5C1D506A-6FFA-4975-8FD4-CA1CC87E21AD}.Ad-Hoc|iPhone.Build.0 = Debug|x86
		{5C1D506A-6FFA-4975-8FD4-CA1CC87E21AD}.Ad-Hoc|iPhone.Deploy.0 = Debug|x86
		{5C1D506A-6FFA-4975-8FD4-CA1CC87E21AD}.Ad-Hoc|iPhoneSimulator.ActiveCfg = Debug|x86
		{5C1D506A-6FFA-4975-8FD4-CA1CC87E21AD}.Ad-Hoc|iPhoneSimulator.Build.0 = Debug|x86
		{5C1D506A-6FFA-4975-8FD4-CA1CC87E21AD}.Ad-Hoc|iPhoneSimulator.Deploy.0 = Debug|x86
		{5C1D506A-6FFA-4975-8FD4-CA1CC87E21AD}.Ad-Hoc|x64.ActiveCfg = Debug|x64
		{5C1D506A-6FFA-4975-8FD4-CA1CC87E21AD}.Ad-Hoc|x64.Build.0 = Debug|x64
		{5C1D506A-6FFA-4975-8FD4-CA1CC87E21AD}.Ad-Hoc|x64.Deploy.0 = Debug|x64
		{5C1D506A-6FFA-4975-8FD4-CA1CC87E21AD}.Ad-Hoc|x86.ActiveCfg = Debug|x86
		{5C1D506A-6FFA-4975-8FD4-CA1CC87E21AD}.Ad-Hoc|x86.Build.0 = Debug|x86
		{5C1D506A-6FFA-4975-8FD4-CA1CC87E21AD}.Ad-Hoc|x86.Deploy.0 = Debug|x86
		{5C1D506A-6FFA-4975-8FD4-CA1CC87E21AD}.AppStore|Any CPU.ActiveCfg = Debug|x86
		{5C1D506A-6FFA-4975-8FD4-CA1CC87E21AD}.AppStore|Any CPU.Build.0 = Debug|x86
		{5C1D506A-6FFA-4975-8FD4-CA1CC87E21AD}.AppStore|Any CPU.Deploy.0 = Debug|x86
		{5C1D506A-6FFA-4975-8FD4-CA1CC87E21AD}.AppStore|ARM.ActiveCfg = Debug|ARM
		{5C1D506A-6FFA-4975-8FD4-CA1CC87E21AD}.AppStore|ARM.Build.0 = Debug|ARM
		{5C1D506A-6FFA-4975-8FD4-CA1CC87E21AD}.AppStore|ARM.Deploy.0 = Debug|ARM
		{5C1D506A-6FFA-4975-8FD4-CA1CC87E21AD}.AppStore|ARM64.ActiveCfg = Debug|ARM64
		{5C1D506A-6FFA-4975-8FD4-CA1CC87E21AD}.AppStore|ARM64.Build.0 = Debug|ARM64
		{5C1D506A-6FFA-4975-8FD4-CA1CC87E21AD}.AppStore|ARM64.Deploy.0 = Debug|ARM64
		{5C1D506A-6FFA-4975-8FD4-CA1CC87E21AD}.AppStore|iPhone.ActiveCfg = Debug|x86
		{5C1D506A-6FFA-4975-8FD4-CA1CC87E21AD}.AppStore|iPhone.Build.0 = Debug|x86
		{5C1D506A-6FFA-4975-8FD4-CA1CC87E21AD}.AppStore|iPhone.Deploy.0 = Debug|x86
		{5C1D506A-6FFA-4975-8FD4-CA1CC87E21AD}.AppStore|iPhoneSimulator.ActiveCfg = Debug|x86
		{5C1D506A-6FFA-4975-8FD4-CA1CC87E21AD}.AppStore|iPhoneSimulator.Build.0 = Debug|x86
		{5C1D506A-6FFA-4975-8FD4-CA1CC87E21AD}.AppStore|iPhoneSimulator.Deploy.0 = Debug|x86
		{5C1D506A-6FFA-4975-8FD4-CA1CC87E21AD}.AppStore|x64.ActiveCfg = Debug|x64
		{5C1D506A-6FFA-4975-8FD4-CA1CC87E21AD}.AppStore|x64.Build.0 = Debug|x64
		{5C1D506A-6FFA-4975-8FD4-CA1CC87E21AD}.AppStore|x64.Deploy.0 = Debug|x64
		{5C1D506A-6FFA-4975-8FD4-CA1CC87E21AD}.AppStore|x86.ActiveCfg = Debug|x86
		{5C1D506A-6FFA-4975-8FD4-CA1CC87E21AD}.AppStore|x86.Build.0 = Debug|x86
		{5C1D506A-6FFA-4975-8FD4-CA1CC87E21AD}.AppStore|x86.Deploy.0 = Debug|x86
		{5C1D506A-6FFA-4975-8FD4-CA1CC87E21AD}.Debug|Any CPU.ActiveCfg = Debug|x86
		{5C1D506A-6FFA-4975-8FD4-CA1CC87E21AD}.Debug|Any CPU.Build.0 = Debug|x86
		{5C1D506A-6FFA-4975-8FD4-CA1CC87E21AD}.Debug|Any CPU.Deploy.0 = Debug|x86
		{5C1D506A-6FFA-4975-8FD4-CA1CC87E21AD}.Debug|ARM.ActiveCfg = Debug|ARM
		{5C1D506A-6FFA-4975-8FD4-CA1CC87E21AD}.Debug|ARM.Build.0 = Debug|ARM
		{5C1D506A-6FFA-4975-8FD4-CA1CC87E21AD}.Debug|ARM.Deploy.0 = Debug|ARM
		{5C1D506A-6FFA-4975-8FD4-CA1CC87E21AD}.Debug|ARM64.ActiveCfg = Debug|ARM64
		{5C1D506A-6FFA-4975-8FD4-CA1CC87E21AD}.Debug|ARM64.Build.0 = Debug|ARM64
		{5C1D506A-6FFA-4975-8FD4-CA1CC87E21AD}.Debug|ARM64.Deploy.0 = Debug|ARM64
		{5C1D506A-6FFA-4975-8FD4-CA1CC87E21AD}.Debug|iPhone.ActiveCfg = Debug|x86
		{5C1D506A-6FFA-4975-8FD4-CA1CC87E21AD}.Debug|iPhoneSimulator.ActiveCfg = Debug|x86
		{5C1D506A-6FFA-4975-8FD4-CA1CC87E21AD}.Debug|x64.ActiveCfg = Debug|x64
		{5C1D506A-6FFA-4975-8FD4-CA1CC87E21AD}.Debug|x64.Build.0 = Debug|x64
		{5C1D506A-6FFA-4975-8FD4-CA1CC87E21AD}.Debug|x64.Deploy.0 = Debug|x64
		{5C1D506A-6FFA-4975-8FD4-CA1CC87E21AD}.Debug|x86.ActiveCfg = Debug|x86
		{5C1D506A-6FFA-4975-8FD4-CA1CC87E21AD}.Debug|x86.Build.0 = Debug|x86
		{5C1D506A-6FFA-4975-8FD4-CA1CC87E21AD}.Debug|x86.Deploy.0 = Debug|x86
		{5C1D506A-6FFA-4975-8FD4-CA1CC87E21AD}.Release|Any CPU.ActiveCfg = Release|x86
		{5C1D506A-6FFA-4975-8FD4-CA1CC87E21AD}.Release|ARM.ActiveCfg = Release|ARM
		{5C1D506A-6FFA-4975-8FD4-CA1CC87E21AD}.Release|ARM.Build.0 = Release|ARM
		{5C1D506A-6FFA-4975-8FD4-CA1CC87E21AD}.Release|ARM.Deploy.0 = Release|ARM
		{5C1D506A-6FFA-4975-8FD4-CA1CC87E21AD}.Release|ARM64.ActiveCfg = Release|ARM64
		{5C1D506A-6FFA-4975-8FD4-CA1CC87E21AD}.Release|ARM64.Build.0 = Release|ARM64
		{5C1D506A-6FFA-4975-8FD4-CA1CC87E21AD}.Release|ARM64.Deploy.0 = Release|ARM64
		{5C1D506A-6FFA-4975-8FD4-CA1CC87E21AD}.Release|iPhone.ActiveCfg = Release|x86
		{5C1D506A-6FFA-4975-8FD4-CA1CC87E21AD}.Release|iPhoneSimulator.ActiveCfg = Release|x86
		{5C1D506A-6FFA-4975-8FD4-CA1CC87E21AD}.Release|x64.ActiveCfg = Release|x64
		{5C1D506A-6FFA-4975-8FD4-CA1CC87E21AD}.Release|x64.Build.0 = Release|x64
		{5C1D506A-6FFA-4975-8FD4-CA1CC87E21AD}.Release|x64.Deploy.0 = Release|x64
		{5C1D506A-6FFA-4975-8FD4-CA1CC87E21AD}.Release|x86.ActiveCfg = Release|x86
		{5C1D506A-6FFA-4975-8FD4-CA1CC87E21AD}.Release|x86.Build.0 = Release|x86
		{5C1D506A-6FFA-4975-8FD4-CA1CC87E21AD}.Release|x86.Deploy.0 = Release|x86
		{ED4E554D-C3C2-49B1-9F8B-9049644AEF40}.Ad-Hoc|Any CPU.ActiveCfg = Debug|Any CPU
		{ED4E554D-C3C2-49B1-9F8B-9049644AEF40}.Ad-Hoc|Any CPU.Build.0 = Debug|Any CPU
		{ED4E554D-C3C2-49B1-9F8B-9049644AEF40}.Ad-Hoc|ARM.ActiveCfg = Debug|Any CPU
		{ED4E554D-C3C2-49B1-9F8B-9049644AEF40}.Ad-Hoc|ARM.Build.0 = Debug|Any CPU
		{ED4E554D-C3C2-49B1-9F8B-9049644AEF40}.Ad-Hoc|ARM64.ActiveCfg = Debug|Any CPU
		{ED4E554D-C3C2-49B1-9F8B-9049644AEF40}.Ad-Hoc|ARM64.Build.0 = Debug|Any CPU
		{ED4E554D-C3C2-49B1-9F8B-9049644AEF40}.Ad-Hoc|iPhone.ActiveCfg = Debug|Any CPU
		{ED4E554D-C3C2-49B1-9F8B-9049644AEF40}.Ad-Hoc|iPhone.Build.0 = Debug|Any CPU
		{ED4E554D-C3C2-49B1-9F8B-9049644AEF40}.Ad-Hoc|iPhoneSimulator.ActiveCfg = Debug|Any CPU
		{ED4E554D-C3C2-49B1-9F8B-9049644AEF40}.Ad-Hoc|iPhoneSimulator.Build.0 = Debug|Any CPU
		{ED4E554D-C3C2-49B1-9F8B-9049644AEF40}.Ad-Hoc|x64.ActiveCfg = Debug|Any CPU
		{ED4E554D-C3C2-49B1-9F8B-9049644AEF40}.Ad-Hoc|x64.Build.0 = Debug|Any CPU
		{ED4E554D-C3C2-49B1-9F8B-9049644AEF40}.Ad-Hoc|x86.ActiveCfg = Debug|Any CPU
		{ED4E554D-C3C2-49B1-9F8B-9049644AEF40}.Ad-Hoc|x86.Build.0 = Debug|Any CPU
		{ED4E554D-C3C2-49B1-9F8B-9049644AEF40}.AppStore|Any CPU.ActiveCfg = Debug|Any CPU
		{ED4E554D-C3C2-49B1-9F8B-9049644AEF40}.AppStore|Any CPU.Build.0 = Debug|Any CPU
		{ED4E554D-C3C2-49B1-9F8B-9049644AEF40}.AppStore|ARM.ActiveCfg = Debug|Any CPU
		{ED4E554D-C3C2-49B1-9F8B-9049644AEF40}.AppStore|ARM.Build.0 = Debug|Any CPU
		{ED4E554D-C3C2-49B1-9F8B-9049644AEF40}.AppStore|ARM64.ActiveCfg = Debug|Any CPU
		{ED4E554D-C3C2-49B1-9F8B-9049644AEF40}.AppStore|ARM64.Build.0 = Debug|Any CPU
		{ED4E554D-C3C2-49B1-9F8B-9049644AEF40}.AppStore|iPhone.ActiveCfg = Debug|Any CPU
		{ED4E554D-C3C2-49B1-9F8B-9049644AEF40}.AppStore|iPhone.Build.0 = Debug|Any CPU
		{ED4E554D-C3C2-49B1-9F8B-9049644AEF40}.AppStore|iPhoneSimulator.ActiveCfg = Debug|Any CPU
		{ED4E554D-C3C2-49B1-9F8B-9049644AEF40}.AppStore|iPhoneSimulator.Build.0 = Debug|Any CPU
		{ED4E554D-C3C2-49B1-9F8B-9049644AEF40}.AppStore|x64.ActiveCfg = Debug|Any CPU
		{ED4E554D-C3C2-49B1-9F8B-9049644AEF40}.AppStore|x64.Build.0 = Debug|Any CPU
		{ED4E554D-C3C2-49B1-9F8B-9049644AEF40}.AppStore|x86.ActiveCfg = Debug|Any CPU
		{ED4E554D-C3C2-49B1-9F8B-9049644AEF40}.AppStore|x86.Build.0 = Debug|Any CPU
		{ED4E554D-C3C2-49B1-9F8B-9049644AEF40}.Debug|Any CPU.ActiveCfg = Debug|Any CPU
		{ED4E554D-C3C2-49B1-9F8B-9049644AEF40}.Debug|Any CPU.Build.0 = Debug|Any CPU
		{ED4E554D-C3C2-49B1-9F8B-9049644AEF40}.Debug|ARM.ActiveCfg = Debug|Any CPU
		{ED4E554D-C3C2-49B1-9F8B-9049644AEF40}.Debug|ARM.Build.0 = Debug|Any CPU
		{ED4E554D-C3C2-49B1-9F8B-9049644AEF40}.Debug|ARM64.ActiveCfg = Debug|Any CPU
		{ED4E554D-C3C2-49B1-9F8B-9049644AEF40}.Debug|ARM64.Build.0 = Debug|Any CPU
		{ED4E554D-C3C2-49B1-9F8B-9049644AEF40}.Debug|iPhone.ActiveCfg = Debug|Any CPU
		{ED4E554D-C3C2-49B1-9F8B-9049644AEF40}.Debug|iPhone.Build.0 = Debug|Any CPU
		{ED4E554D-C3C2-49B1-9F8B-9049644AEF40}.Debug|iPhoneSimulator.ActiveCfg = Debug|Any CPU
		{ED4E554D-C3C2-49B1-9F8B-9049644AEF40}.Debug|iPhoneSimulator.Build.0 = Debug|Any CPU
		{ED4E554D-C3C2-49B1-9F8B-9049644AEF40}.Debug|x64.ActiveCfg = Debug|Any CPU
		{ED4E554D-C3C2-49B1-9F8B-9049644AEF40}.Debug|x64.Build.0 = Debug|Any CPU
		{ED4E554D-C3C2-49B1-9F8B-9049644AEF40}.Debug|x86.ActiveCfg = Debug|Any CPU
		{ED4E554D-C3C2-49B1-9F8B-9049644AEF40}.Debug|x86.Build.0 = Debug|Any CPU
		{ED4E554D-C3C2-49B1-9F8B-9049644AEF40}.Release|Any CPU.ActiveCfg = Release|Any CPU
		{ED4E554D-C3C2-49B1-9F8B-9049644AEF40}.Release|Any CPU.Build.0 = Release|Any CPU
		{ED4E554D-C3C2-49B1-9F8B-9049644AEF40}.Release|ARM.ActiveCfg = Release|Any CPU
		{ED4E554D-C3C2-49B1-9F8B-9049644AEF40}.Release|ARM.Build.0 = Release|Any CPU
		{ED4E554D-C3C2-49B1-9F8B-9049644AEF40}.Release|ARM64.ActiveCfg = Release|Any CPU
		{ED4E554D-C3C2-49B1-9F8B-9049644AEF40}.Release|ARM64.Build.0 = Release|Any CPU
		{ED4E554D-C3C2-49B1-9F8B-9049644AEF40}.Release|iPhone.ActiveCfg = Release|Any CPU
		{ED4E554D-C3C2-49B1-9F8B-9049644AEF40}.Release|iPhone.Build.0 = Release|Any CPU
		{ED4E554D-C3C2-49B1-9F8B-9049644AEF40}.Release|iPhoneSimulator.ActiveCfg = Release|Any CPU
		{ED4E554D-C3C2-49B1-9F8B-9049644AEF40}.Release|iPhoneSimulator.Build.0 = Release|Any CPU
		{ED4E554D-C3C2-49B1-9F8B-9049644AEF40}.Release|x64.ActiveCfg = Release|Any CPU
		{ED4E554D-C3C2-49B1-9F8B-9049644AEF40}.Release|x64.Build.0 = Release|Any CPU
		{ED4E554D-C3C2-49B1-9F8B-9049644AEF40}.Release|x86.ActiveCfg = Release|Any CPU
		{ED4E554D-C3C2-49B1-9F8B-9049644AEF40}.Release|x86.Build.0 = Release|Any CPU
	EndGlobalSection
	GlobalSection(SolutionProperties) = preSolution
		HideSolutionNode = FALSE
	EndGlobalSection
	GlobalSection(NestedProjects) = preSolution
		{5CEC85EE-4338-45D6-9C5F-D7507A99E9D1} = {0CAD5793-46C2-4A56-BEE0-C07F44D21D4C}
		{5B6C304F-414E-4382-B91A-7E6B7DC58372} = {0CAD5793-46C2-4A56-BEE0-C07F44D21D4C}
		{5C1D506A-6FFA-4975-8FD4-CA1CC87E21AD} = {0CAD5793-46C2-4A56-BEE0-C07F44D21D4C}
		{ED4E554D-C3C2-49B1-9F8B-9049644AEF40} = {0CAD5793-46C2-4A56-BEE0-C07F44D21D4C}
	EndGlobalSection
	GlobalSection(ExtensibilityGlobals) = postSolution
		SolutionGuid = {9A29DE48-3ECD-4907-A43F-E1D9F4D1A6E8}
	EndGlobalSection
EndGlobal
